Microsoft Visual Studio Solution File, Format Version 12.00
# Visual Studio 2013
VisualStudioVersion = 12.0.21005.1
MinimumVisualStudioVersion = 10.0.40219.1
Project("{FAE04EC0-301F-11D3-BF4B-00C04F79EFBC}") = "DbMock1G4.BusinessObjects", "BusinessObjects\DbMock1G4.BusinessObjects.csproj", "{D5E367AA-DC8C-4F43-A02D-3F609343E62B}"
EndProject
Project("{FAE04EC0-301F-11D3-BF4B-00C04F79EFBC}") = "DbMock1G4.BusinessLogic", "BusinessLogic\DbMock1G4.BusinessLogic.csproj", "{0F65F91D-2421-4B77-A849-D46E75F476AB}"
EndProject
Project("{FAE04EC0-301F-11D3-BF4B-00C04F79EFBC}") = "DbMock1G4.DataAccess", "DataLayer\DbMock1G4.DataAccess.csproj", "{1B5FED9C-C25B-4E69-AB54-AB3D24588BD2}"
EndProject
Project("{FAE04EC0-301F-11D3-BF4B-00C04F79EFBC}") = "Mock1-G4", "DbMock1G4\Mock1-G4.csproj", "{EB1D7AC6-FCBC-4F25-AFDC-4BBD14F4136A}"
EndProject
Global
	GlobalSection(SolutionConfigurationPlatforms) = preSolution
		Debug|Any CPU = Debug|Any CPU
		Release|Any CPU = Release|Any CPU
	EndGlobalSection
	GlobalSection(ProjectConfigurationPlatforms) = postSolution
		{D5E367AA-DC8C-4F43-A02D-3F609343E62B}.Debug|Any CPU.ActiveCfg = Debug|Any CPU
		{D5E367AA-DC8C-4F43-A02D-3F609343E62B}.Debug|Any CPU.Build.0 = Debug|Any CPU
		{D5E367AA-DC8C-4F43-A02D-3F609343E62B}.Release|Any CPU.ActiveCfg = Release|Any CPU
		{D5E367AA-DC8C-4F43-A02D-3F609343E62B}.Release|Any CPU.Build.0 = Release|Any CPU
		{0F65F91D-2421-4B77-A849-D46E75F476AB}.Debug|Any CPU.ActiveCfg = Debug|Any CPU
		{0F65F91D-2421-4B77-A849-D46E75F476AB}.Debug|Any CPU.Build.0 = Debug|Any CPU
		{0F65F91D-2421-4B77-A849-D46E75F476AB}.Release|Any CPU.ActiveCfg = Release|Any CPU
		{0F65F91D-2421-4B77-A849-D46E75F476AB}.Release|Any CPU.Build.0 = Release|Any CPU
		{1B5FED9C-C25B-4E69-AB54-AB3D24588BD2}.Debug|Any CPU.ActiveCfg = Debug|Any CPU
		{1B5FED9C-C25B-4E69-AB54-AB3D24588BD2}.Debug|Any CPU.Build.0 = Debug|Any CPU
		{1B5FED9C-C25B-4E69-AB54-AB3D24588BD2}.Release|Any CPU.ActiveCfg = Release|Any CPU
		{1B5FED9C-C25B-4E69-AB54-AB3D24588BD2}.Release|Any CPU.Build.0 = Release|Any CPU
		{EB1D7AC6-FCBC-4F25-AFDC-4BBD14F4136A}.Debug|Any CPU.ActiveCfg = Debug|Any CPU
		{EB1D7AC6-FCBC-4F25-AFDC-4BBD14F4136A}.Debug|Any CPU.Build.0 = Debug|Any CPU
		{EB1D7AC6-FCBC-4F25-AFDC-4BBD14F4136A}.Release|Any CPU.ActiveCfg = Release|Any CPU
		{EB1D7AC6-FCBC-4F25-AFDC-4BBD14F4136A}.Release|Any CPU.Build.0 = Release|Any CPU
	EndGlobalSection
	GlobalSection(SolutionProperties) = preSolution
		HideSolutionNode = FALSE
	EndGlobalSection
EndGlobal
